
Microsoft Visual Studio Solution File, Format Version 12.00
# Visual Studio Version 18
VisualStudioVersion = 18.0.11222.15 d18.0
MinimumVisualStudioVersion = 10.0.40219.1
Project("{FAE04EC0-301F-11D3-BF4B-00C04F79EFBC}") = "TestBackEnd", "TestBackEnd\TestBackEnd.csproj", "{60A039FF-EF08-4B23-9AF2-89B3D9C9A623}"
EndProject
Project("{2150E333-8FDC-42A3-9474-1A3956D46DE8}") = "Repositories", "Repositories", "{B4155BF0-C7FE-4308-B01C-4642408166BE}"
EndProject
Global
	GlobalSection(SolutionConfigurationPlatforms) = preSolution
		Debug|Any CPU = Debug|Any CPU
		Release|Any CPU = Release|Any CPU
	EndGlobalSection
	GlobalSection(ProjectConfigurationPlatforms) = postSolution
		{60A039FF-EF08-4B23-9AF2-89B3D9C9A623}.Debug|Any CPU.ActiveCfg = Debug|Any CPU
		{60A039FF-EF08-4B23-9AF2-89B3D9C9A623}.Debug|Any CPU.Build.0 = Debug|Any CPU
		{60A039FF-EF08-4B23-9AF2-89B3D9C9A623}.Release|Any CPU.ActiveCfg = Release|Any CPU
		{60A039FF-EF08-4B23-9AF2-89B3D9C9A623}.Release|Any CPU.Build.0 = Release|Any CPU
	EndGlobalSection
	GlobalSection(SolutionProperties) = preSolution
		HideSolutionNode = FALSE
	EndGlobalSection
	GlobalSection(ExtensibilityGlobals) = postSolution
		SolutionGuid = {596FDEF1-94E1-4BC2-980B-24676D060B3F}
	EndGlobalSection
EndGlobal
